# This file is automatically @generated by Cargo.
# It is not intended for manual editing.
version = 4

[[package]]
name = "iterator_scan"
version = "0.1.0"

[[package]]
name = "kv_store"
version = "0.1.0"

[[package]]
name = "raft_simple"
version = "0.1.0"

[[package]]
name = "typed_kv"
version = "0.1.0"
